# This file is automatically @generated by Cargo.
# It is not intended for manual editing.
version = 3

[[package]]
name = "advanced"
version = "0.1.0"

[[package]]
name = "collection"
version = "0.1.0"

[[package]]
name = "concurrency"
version = "0.1.0"

[[package]]
name = "error"
version = "0.1.0"

[[package]]
name = "functional"
version = "0.1.0"

[[package]]
name = "math"
version = "0.1.0"

[[package]]
name = "object"
version = "0.1.0"

[[package]]
name = "other"
version = "0.1.0"

[[package]]
name = "smart_pointer"
version = "0.1.0"

[[package]]
name = "test_crate"
version = "0.1.0"

[[package]]
name = "trpl"
version = "0.1.0"
dependencies = [
 "math",
]
